// !$*UTF8*$!
{
	archiveVersion = 1;
	classes = {
	};
	objectVersion = 46;
	objects = {

/* Begin PBXBuildFile section */
		220D443F1AA00E0B009AFEBD /* main.m in Sources */ = {isa = PBXBuildFile; fileRef = 220D443E1AA00E0B009AFEBD /* main.m */; };
/* End PBXBuildFile section */

/* Begin PBXCopyFilesBuildPhase section */
		220D44391AA00E0A009AFEBD /* CopyFiles */ = {
			isa = PBXCopyFilesBuildPhase;
			buildActionMask = 2147483647;
			dstPath = /usr/share/man/man1/;
			dstSubfolderSpec = 0;
			files = (
			);
			runOnlyForDeploymentPostprocessing = 1;
		};
/* End PBXCopyFilesBuildPhase section */

/* Begin PBXFileReference section */
		220D443B1AA00E0B009AFEBD /* ProgrammingWithObjcC */ = {isa = PBXFileReference; explicitFileType = "compiled.mach-o.executable"; includeInIndex = 0; path = ProgrammingWithObjcC; sourceTree = BUILT_PRODUCTS_DIR; };
		220D443E1AA00E0B009AFEBD /* main.m */ = {isa = PBXFileReference; lastKnownFileType = sourcecode.c.objc; path = main.m; sourceTree = "<group>"; };
/* End PBXFileReference section */

/* Begin PBXFrameworksBuildPhase section */
		220D44381AA00E0A009AFEBD /* Frameworks */ = {
			isa = PBXFrameworksBuildPhase;
			buildActionMask = 2147483647;
			files = (
			);
			runOnlyForDeploymentPostprocessing = 0;
		};
/* End PBXFrameworksBuildPhase section */

/* Begin PBXGroup section */
		220D44321AA00E0A009AFEBD = {
			isa = PBXGroup;
			children = (
				220D443D1AA00E0B009AFEBD /* ProgrammingWithObjcC */,
				220D443C1AA00E0B009AFEBD /* Products */,
			);
			sourceTree = "<group>";
		};
		220D443C1AA00E0B009AFEBD /* Products */ = {
			isa = PBXGroup;
			children = (
				220D443B1AA00E0B009AFEBD /* ProgrammingWithObjcC */,
			);
			name = Products;
			sourceTree = "<group>";
		};
		220D443D1AA00E0B009AFEBD /* ProgrammingWithObjcC */ = {
			isa = PBXGroup;
			children = (
				220D443E1AA00E0B009AFEBD /* main.m */,
			);
			path = ProgrammingWithObjcC;
			sourceTree = "<group>";
		};
/* End PBXGroup section */

/* Begin PBXNativeTarget section */
		220D443A1AA00E0A009AFEBD /* ProgrammingWithObjcC */ = {
			isa = PBXNativeTarget;
			buildConfigurationList = 220D44421AA00E0B009AFEBD /* Build configuration list for PBXNativeTarget "ProgrammingWithObjcC" */;
			buildPhases = (
				220D44371AA00E0A009AFEBD /* Sources */,
				220D44381AA00E0A009AFEBD /* Frameworks */,
				220D44391AA00E0A009AFEBD /* CopyFiles */,
			);
			buildRules = (
			);
			dependencies = (
			);
			name = ProgrammingWithObjcC;
			productName = ProgrammingWithObjcC;
			productReference = 220D443B1AA00E0B009AFEBD /* ProgrammingWithObjcC */;
			productType = "com.apple.product-type.tool";
		};
/* End PBXNativeTarget section */

/* Begin PBXProject section */
		220D44331AA00E0A009AFEBD /* Project object */ = {
			isa = PBXProject;
			attributes = {
				LastUpgradeCheck = 0610;
				ORGANIZATIONNAME = "Tim Schmelmer";
				TargetAttributes = {
					220D443A1AA00E0A009AFEBD = {
						CreatedOnToolsVersion = 6.1.1;
					};
				};
			};
			buildConfigurationList = 220D44361AA00E0A009AFEBD /* Build configuration list for PBXProject "ProgrammingWithObjcC" */;
			compatibilityVersion = "Xcode 3.2";
			developmentRegion = English;
			hasScannedForEncodings = 0;
			knownRegions = (
				en,
			);
			mainGroup = 220D44321AA00E0A009AFEBD;
			productRefGroup = 220D443C1AA00E0B009AFEBD /* Products */;
			projectDirPath = "";
			projectRoot = "";
			targets = (
				220D443A1AA00E0A009AFEBD /* ProgrammingWithObjcC */,
			);
		};
/* End PBXProject section */

/* Begin PBXSourcesBuildPhase section */
		220D44371AA00E0A009AFEBD /* Sources */ = {
			isa = PBXSourcesBuildPhase;
			buildActionMask = 2147483647;
			files = (
				220D443F1AA00E0B009AFEBD /* main.m in Sources */,
			);
			runOnlyForDeploymentPostprocessing = 0;
		};
/* End PBXSourcesBuildPhase section */

/* Begin XCBuildConfiguration section */
		220D44401AA00E0B009AFEBD /* Debug */ = {
			isa = XCBuildConfiguration;
			buildSettings = {
				ALWAYS_SEARCH_USER_PATHS = NO;
				CLANG_CXX_LANGUAGE_STANDARD = "gnu++0x";
				CLANG_CXX_LIBRARY = "libc++";
				CLANG_ENABLE_MODULES = YES;
				CLANG_ENABLE_OBJC_ARC = YES;
				CLANG_WARN_BOOL_CONVERSION = YES;
				CLANG_WARN_CONSTANT_CONVERSION = YES;
				CLANG_WARN_DIRECT_OBJC_ISA_USAGE = YES_ERROR;
				CLANG_WARN_EMPTY_BODY = YES;
				CLANG_WARN_ENUM_CONVERSION = YES;
				CLANG_WARN_INT_CONVERSION = YES;
				CLANG_WARN_OBJC_ROOT_CLASS = YES_ERROR;
				CLANG_WARN_UNREACHABLE_CODE = YES;
				CLANG_WARN__DUPLICATE_METHOD_MATCH = YES;
				COPY_PHASE_STRIP = NO;
				ENABLE_STRICT_OBJC_MSGSEND = YES;
				GCC_C_LANGUAGE_STANDARD = gnu99;
				GCC_DYNAMIC_NO_PIC = NO;
				GCC_OPTIMIZATION_LEVEL = 0;
				GCC_PREPROCESSOR_DEFINITIONS = (
					"DEBUG=1",
					"$(inherited)",
				);
				GCC_SYMBOLS_PRIVATE_EXTERN = NO;
				GCC_WARN_64_TO_32_BIT_CONVERSION = YES;
				GCC_WARN_ABOUT_RETURN_TYPE = YES_ERROR;
				GCC_WARN_UNDECLARED_SELECTOR = YES;
				GCC_WARN_UNINITIALIZED_AUTOS = YES_AGGRESSIVE;
				GCC_WARN_UNUSED_FUNCTION = YES;
				GCC_WARN_UNUSED_VARIABLE = YES;
				MACOSX_DEPLOYMENT_TARGET = 10.10;
				MTL_ENABLE_DEBUG_INFO = YES;
				ONLY_ACTIVE_ARCH = YES;
				SDKROOT = macosx;
			};
			name = Debug;
		};
		220D44411AA00E0B009AFEBD /* Release */ = {
			isa = XCBuildConfiguration;
			buildSettings = {
				ALWAYS_SEARCH_USER_PATHS = NO;
				CLANG_CXX_LANGUAGE_STANDARD = "gnu++0x";
				CLANG_CXX_LIBRARY = "libc++";
				CLANG_ENABLE_MODULES = YES;
				CLANG_ENABLE_OBJC_ARC = YES;
				CLANG_WARN_BOOL_CONVERSION = YES;
				CLANG_WARN_CONSTANT_CONVERSION = YES;
				CLANG_WARN_DIRECT_OBJC_ISA_USAGE = YES_ERROR;
				CLANG_WARN_EMPTY_BODY = YES;
				CLANG_WARN_ENUM_CONVERSION = YES;
				CLANG_WARN_INT_CONVERSION = YES;
				CLANG_WARN_OBJC_ROOT_CLASS = YES_ERROR;
				CLANG_WARN_UNREACHABLE_CODE = YES;
				CLANG_WARN__DUPLICATE_METHOD_MATCH = YES;
				COPY_PHASE_STRIP = YES;
				DEBUG_INFORMATION_FORMAT = "dwarf-with-dsym";
				ENABLE_NS_ASSERTIONS = NO;
				ENABLE_STRICT_OBJC_MSGSEND = YES;
				GCC_C_LANGUAGE_STANDARD = gnu99;
				GCC_WARN_64_TO_32_BIT_CONVERSION = YES;
				GCC_WARN_ABOUT_RETURN_TYPE = YES_ERROR;
				GCC_WARN_UNDECLARED_SELECTOR = YES;
				GCC_WARN_UNINITIALIZED_AUTOS = YES_AGGRESSIVE;
				GCC_WARN_UNUSED_FUNCTION = YES;
				GCC_WARN_UNUSED_VARIABLE = YES;
				MACOSX_DEPLOYMENT_TARGET = 10.10;
				MTL_ENABLE_DEBUG_INFO = NO;
				SDKROOT = macosx;
			};
			name = Release;
		};
		220D44431AA00E0B009AFEBD /* Debug */ = {
			isa = XCBuildConfiguration;
			buildSettings = {
				PRODUCT_NAME = "$(TARGET_NAME)";
			};
			name = Debug;
		};
		220D44441AA00E0B009AFEBD /* Release */ = {
			isa = XCBuildConfiguration;
			buildSettings = {
				PRODUCT_NAME = "$(TARGET_NAME)";
			};
			name = Release;
		};
/* End XCBuildConfiguration section */

/* Begin XCConfigurationList section */
		220D44361AA00E0A009AFEBD /* Build configuration list for PBXProject "ProgrammingWithObjcC" */ = {
			isa = XCConfigurationList;
			buildConfigurations = (
				220D44401AA00E0B009AFEBD /* Debug */,
				220D44411AA00E0B009AFEBD /* Release */,
			);
			defaultConfigurationIsVisible = 0;
			defaultConfigurationName = Release;
		};
		220D44421AA00E0B009AFEBD /* Build configuration list for PBXNativeTarget "ProgrammingWithObjcC" */ = {
			isa = XCConfigurationList;
			buildConfigurations = (
				220D44431AA00E0B009AFEBD /* Debug */,
				220D44441AA00E0B009AFEBD /* Release */,
			);
			defaultConfigurationIsVisible = 0;
		};
/* End XCConfigurationList section */
	};
	rootObject = 220D44331AA00E0A009AFEBD /* Project object */;
}
